
Microsoft Visual Studio Solution File, Format Version 12.00
# Visual Studio Version 17
VisualStudioVersion = 17.9.34616.47
MinimumVisualStudioVersion = 10.0.40219.1
Project("{FAE04EC0-301F-11D3-BF4B-00C04F79EFBC}") = "Vanguard", "Vanguard\Vanguard.csproj", "{0D865A25-723B-434A-AC4C-3C87BB738808}"
EndProject
Global
	GlobalSection(SolutionConfigurationPlatforms) = preSolution
		Debug|Any CPU = Debug|Any CPU
		Release|Any CPU = Release|Any CPU
	EndGlobalSection
	GlobalSection(ProjectConfigurationPlatforms) = postSolution
		{0D865A25-723B-434A-AC4C-3C87BB738808}.Debug|Any CPU.ActiveCfg = Debug|Any CPU
		{0D865A25-723B-434A-AC4C-3C87BB738808}.Debug|Any CPU.Build.0 = Debug|Any CPU
		{0D865A25-723B-434A-AC4C-3C87BB738808}.Release|Any CPU.ActiveCfg = Release|Any CPU
		{0D865A25-723B-434A-AC4C-3C87BB738808}.Release|Any CPU.Build.0 = Release|Any CPU
	EndGlobalSection
	GlobalSection(SolutionProperties) = preSolution
		HideSolutionNode = FALSE
	EndGlobalSection
	GlobalSection(ExtensibilityGlobals) = postSolution
		SolutionGuid = {426D3865-B4C9-4A9E-B017-B2CE7CA0700C}
	EndGlobalSection
EndGlobal
